# This file is automatically @generated by Cargo.
# It is not intended for manual editing.
version = 3

[[package]]
name = "prune_core"
version = "0.1.0"

[[package]]
name = "prune_emit"
version = "0.1.0"
dependencies = [
 "prune_core",
 "prune_lane",
]

[[package]]
name = "prune_meld"
version = "0.1.0"
dependencies = [
 "prune_core",
]

[[package]]
name = "prune_lane"
version = "0.1.0"
dependencies = [
 "prune_core",
 "prune_meld",
]
