# This file is automatically @generated by Cargo.
# It is not intended for manual editing.
version = 4

[[package]]
name = "bevel"
version = "0.4.2"
dependencies = [
 "bevel_core",
 "bevel_rank",
]

[[package]]
name = "bevel_core"
version = "0.4.2"

[[package]]
name = "bevel_rank"
version = "0.4.2"
dependencies = [
 "bevel_core",
]
