# This file is automatically @generated by Cargo.
# It is not intended for manual editing.
version = 3

[[package]]
name = "q4_core"
version = "0.1.0"

[[package]]
name = "q4_emit"
version = "0.1.0"
dependencies = [
 "q4_core",
 "q4_pane",
]

[[package]]
name = "q4_knit"
version = "0.1.0"
dependencies = [
 "q4_core",
]

[[package]]
name = "q4_pane"
version = "0.1.0"
dependencies = [
 "q4_core",
 "q4_knit",
]
