# This file is automatically @generated by Cargo.
# It is not intended for manual editing.
version = 4

[[package]]
name = "bevel"
version = "0.1.0"
dependencies = [
 "bevel_core",
 "bevel_sx",
]

[[package]]
name = "bevel_core"
version = "0.1.0"

[[package]]
name = "bevel_sx"
version = "0.1.0"
dependencies = [
 "bevel_core",
]
