# This file is automatically @generated by Cargo.
# It is not intended for manual editing.
version = 4

[[package]]
name = "k2"
version = "0.2.0"

[[package]]
name = "k9"
version = "0.2.0"

[[package]]
name = "n6"
version = "0.2.0"
dependencies = [
 "k2",
]

[[package]]
name = "n7"
version = "0.2.0"
dependencies = [
 "k2",
]

[[package]]
name = "q3"
version = "0.2.0"
dependencies = [
 "k2",
 "n6",
 "n7",
]

[[package]]
name = "q5"
version = "0.2.0"
dependencies = [
 "k2",
 "n7",
]
